
Microsoft Visual Studio Solution File, Format Version 12.00
# Visual Studio Version 16
VisualStudioVersion = 16.0.32413.511
MinimumVisualStudioVersion = 10.0.40219.1
Project("{FAE04EC0-301F-11D3-BF4B-00C04F79EFBC}") = "compare_lineSize", "compare_lineSize\compare_lineSize.csproj", "{885F988E-F11F-4F18-9266-7C6586485958}"
EndProject
Global
	GlobalSection(SolutionConfigurationPlatforms) = preSolution
		Debug|Any CPU = Debug|Any CPU
		Release|Any CPU = Release|Any CPU
	EndGlobalSection
	GlobalSection(ProjectConfigurationPlatforms) = postSolution
		{885F988E-F11F-4F18-9266-7C6586485958}.Debug|Any CPU.ActiveCfg = Debug|Any CPU
		{885F988E-F11F-4F18-9266-7C6586485958}.Debug|Any CPU.Build.0 = Debug|Any CPU
		{885F988E-F11F-4F18-9266-7C6586485958}.Release|Any CPU.ActiveCfg = Release|Any CPU
		{885F988E-F11F-4F18-9266-7C6586485958}.Release|Any CPU.Build.0 = Release|Any CPU
	EndGlobalSection
	GlobalSection(SolutionProperties) = preSolution
		HideSolutionNode = FALSE
	EndGlobalSection
	GlobalSection(ExtensibilityGlobals) = postSolution
		SolutionGuid = {9F2B042E-E6CB-4C72-8507-0B6159FE484D}
	EndGlobalSection
EndGlobal
