
Microsoft Visual Studio Solution File, Format Version 12.00
# Visual Studio Version 16
VisualStudioVersion = 16.0.32413.511
MinimumVisualStudioVersion = 10.0.40219.1
Project("{FAE04EC0-301F-11D3-BF4B-00C04F79EFBC}") = "coordinates_length", "coordinates_length\coordinates_length.csproj", "{8F65CB37-2FFE-456C-A21E-9845BB3A0B78}"
EndProject
Global
	GlobalSection(SolutionConfigurationPlatforms) = preSolution
		Debug|Any CPU = Debug|Any CPU
		Release|Any CPU = Release|Any CPU
	EndGlobalSection
	GlobalSection(ProjectConfigurationPlatforms) = postSolution
		{8F65CB37-2FFE-456C-A21E-9845BB3A0B78}.Debug|Any CPU.ActiveCfg = Debug|Any CPU
		{8F65CB37-2FFE-456C-A21E-9845BB3A0B78}.Debug|Any CPU.Build.0 = Debug|Any CPU
		{8F65CB37-2FFE-456C-A21E-9845BB3A0B78}.Release|Any CPU.ActiveCfg = Release|Any CPU
		{8F65CB37-2FFE-456C-A21E-9845BB3A0B78}.Release|Any CPU.Build.0 = Release|Any CPU
	EndGlobalSection
	GlobalSection(SolutionProperties) = preSolution
		HideSolutionNode = FALSE
	EndGlobalSection
	GlobalSection(ExtensibilityGlobals) = postSolution
		SolutionGuid = {69698DDF-AF42-4CD4-A681-63FCC80509D2}
	EndGlobalSection
EndGlobal
