
Microsoft Visual Studio Solution File, Format Version 12.00
# Visual Studio Version 16
VisualStudioVersion = 16.0.32413.511
MinimumVisualStudioVersion = 10.0.40219.1
Project("{FAE04EC0-301F-11D3-BF4B-00C04F79EFBC}") = "equality_twoLines", "equality_twoLines\equality_twoLines.csproj", "{49E897FD-CC2E-4179-B164-A5C7DE675300}"
EndProject
Global
	GlobalSection(SolutionConfigurationPlatforms) = preSolution
		Debug|Any CPU = Debug|Any CPU
		Release|Any CPU = Release|Any CPU
	EndGlobalSection
	GlobalSection(ProjectConfigurationPlatforms) = postSolution
		{49E897FD-CC2E-4179-B164-A5C7DE675300}.Debug|Any CPU.ActiveCfg = Debug|Any CPU
		{49E897FD-CC2E-4179-B164-A5C7DE675300}.Debug|Any CPU.Build.0 = Debug|Any CPU
		{49E897FD-CC2E-4179-B164-A5C7DE675300}.Release|Any CPU.ActiveCfg = Release|Any CPU
		{49E897FD-CC2E-4179-B164-A5C7DE675300}.Release|Any CPU.Build.0 = Release|Any CPU
	EndGlobalSection
	GlobalSection(SolutionProperties) = preSolution
		HideSolutionNode = FALSE
	EndGlobalSection
	GlobalSection(ExtensibilityGlobals) = postSolution
		SolutionGuid = {DFB36758-9C33-4F78-8BC7-FA6C35E5A01B}
	EndGlobalSection
EndGlobal
